{
  "nodes": {
    "fenix": {
      "inputs": {
        "nixpkgs": [
          "nixpkgs"
        ],
        "rust-analyzer-src": "rust-analyzer-src"
      },
      "locked": {
        "lastModified": 1654237591,
        "narHash": "sha256-+uOzx9fuo3CBHO7aGI+SKxDXpf/7NTOXi0g4UxOdk9k=",
        "owner": "nix-community",
        "repo": "fenix",
        "rev": "8dccfbe51a8adea643ec29a4ec516499a5a081c6",
        "type": "github"
      },
      "original": {
        "owner": "nix-community",
        "repo": "fenix",
        "type": "github"
      }
    },
    "flake-utils": {
      "locked": {
        "lastModified": 1653893745,
        "narHash": "sha256-0jntwV3Z8//YwuOjzhV2sgJJPt+HY6KhU7VZUL0fKZQ=",
        "owner": "numtide",
        "repo": "flake-utils",
        "rev": "1ed9fb1935d260de5fe1c2f7ee0ebaae17ed2fa1",
        "type": "github"
      },
      "original": {
        "owner": "numtide",
        "repo": "flake-utils",
        "type": "github"
      }
    },
    "naersk": {
      "inputs": {
        "nixpkgs": [
          "nixpkgs"
        ]
      },
      "locked": {
        "lastModified": 1653413650,
        "narHash": "sha256-wojDHjb+eU80MPH+3HQaK0liUy8EgR95rvmCl24i58Y=",
        "owner": "nix-community",
        "repo": "naersk",
        "rev": "69daaceebe12c070cd5ae69ba38f277bbf033695",
        "type": "github"
      },
      "original": {
        "owner": "nix-community",
        "repo": "naersk",
        "type": "github"
      }
    },
    "nixpkgs": {
      "locked": {
        "lastModified": 1654245945,
        "narHash": "sha256-PV6MZ+HuNnyLxQGa2rwt0BmCRkQS2xqhc+SeJLQM+WU=",
        "owner": "NixOS",
        "repo": "nixpkgs",
        "rev": "442db9429b9fbdb6352cfb937afc8ecccfe2633f",
        "type": "github"
      },
      "original": {
        "owner": "NixOS",
        "ref": "nixpkgs-unstable",
        "repo": "nixpkgs",
        "type": "github"
      }
    },
    "root": {
      "inputs": {
        "fenix": "fenix",
        "flake-utils": "flake-utils",
        "naersk": "naersk",
        "nixpkgs": "nixpkgs"
      }
    },
    "rust-analyzer-src": {
      "flake": false,
      "locked": {
        "lastModified": 1654178556,
        "narHash": "sha256-LG8J9E/wMBolkWS3VstuvhgQ4jOp3Nk328EXlCYY24U=",
        "owner": "rust-lang",
        "repo": "rust-analyzer",
        "rev": "88024c7ec2d44a8be8bf05a6580409200cf726fc",
        "type": "github"
      },
      "original": {
        "owner": "rust-lang",
        "ref": "nightly",
        "repo": "rust-analyzer",
        "type": "github"
      }
    }
  },
  "root": "root",
  "version": 7
}
